# THIS IS AN AUTOGENERATED FILE. DO NOT EDIT THIS FILE DIRECTLY.
# yarn lockfile v1


"@metaplex-foundation/mpl-core@^1.10.0":
  version "1.10.0"
  resolved "https://registry.yarnpkg.com/@metaplex-foundation/mpl-core/-/mpl-core-1.10.0.tgz#24a7e0d0ed0d70bb8b1af483deae0aed2f5fd99e"
  integrity sha512-jnbJN/ZZQOoYLRDB4+euFAQ7hDv7/PRQ+t8Txs3WKRLJhvk8k5yhC0YdElSur4a2uX78f9F6JwKSf1XonIHN7A==
  dependencies:
    "@msgpack/msgpack" "^3.0.0-beta2"

"@metaplex-foundation/umi-bundle-defaults@^1.6.0":
  version "1.6.0"
  resolved "https://registry.yarnpkg.com/@metaplex-foundation/umi-bundle-defaults/-/umi-bundle-defaults-1.6.0.tgz#7c43a9058a5276c1f886123fcebd7e9bed76dd52"
  integrity sha512-XiqlvHWW/vI9ycGfIqy2dPMxqjD7MIuJHcg/4bOLQr7yMGSdSUenXvF+hbFd2HiYYGxGt7U3Q4Uq48is+IhiRQ==
  dependencies:
    "@metaplex-foundation/umi-downloader-http" "^1.6.0"
    "@metaplex-foundation/umi-eddsa-web3js" "^1.6.0"
    "@metaplex-foundation/umi-http-fetch" "^1.6.0"
    "@metaplex-foundation/umi-program-repository" "^1.6.0"
    "@metaplex-foundation/umi-rpc-chunk-get-accounts" "^1.6.0"
    "@metaplex-foundation/umi-rpc-web3js" "^1.6.0"
    "@metaplex-foundation/umi-serializer-data-view" "^1.6.0"
    "@metaplex-foundation/umi-transaction-factory-web3js" "^1.6.0"

"@metaplex-foundation/umi-downloader-http@^1.6.0":
  version "1.6.0"
  resolved "https://registry.yarnpkg.com/@metaplex-foundation/umi-downloader-http/-/umi-downloader-http-1.6.0.tgz#596c2ffbfb8293f59cd1fdb7ba4d647497732872"
  integrity sha512-Kk27iWw0zY2UYR1kRYZWhsoksuYVmqaaNjr5r2nt8tdusOY7pEcpULyo9qgdPtrv7dOwBbCmKZccPfeNRRVPUg==

"@metaplex-foundation/umi-eddsa-web3js@^1.6.0":
  version "1.6.0"
  resolved "https://registry.yarnpkg.com/@metaplex-foundation/umi-eddsa-web3js/-/umi-eddsa-web3js-1.6.0.tgz#e5cb8b12bca2e641e77690262f682c635a030b34"
  integrity sha512-B8/RlJpiqmjlblohVN/34Saik0lQ1tsrJ3njUSwss6ZNDVyRzfYf89+G/jin9GgaE4V845dZ/vK9cftulKLSSw==
  dependencies:
    "@metaplex-foundation/umi-web3js-adapters" "^1.6.0"
    "@noble/curves" "^1.0.0"
    yaml "^2.7.0"

"@metaplex-foundation/umi-http-fetch@^1.6.0":
  version "1.6.0"
  resolved "https://registry.yarnpkg.com/@metaplex-foundation/umi-http-fetch/-/umi-http-fetch-1.6.0.tgz#38c916025651411d7a1dada0de5e9095401d719b"
  integrity sha512-ZOQ4XCoyxPg+yQ4qlAnh+08LfIR4622SQGrvyn/ReVCtA8pj96QzH0MzIQjk7DxFAbPKHyWWlBcPsI9KRZhzNw==
  dependencies:
    node-fetch "^2.6.7"

"@metaplex-foundation/umi-options@^1.6.0":
  version "1.6.0"
  resolved "https://registry.yarnpkg.com/@metaplex-foundation/umi-options/-/umi-options-1.6.0.tgz#b690da10993ff3565d309fff94566ed2f1747a8e"
  integrity sha512-kFamaTg/MDXKLP9XsSvIw66hQ0fVOR4a63iaZtXJCoFuCoxTRQZAHu7S6tVDbeIIGaqB0gO6qYX0RSjxluXhQQ==

"@metaplex-foundation/umi-program-repository@^1.6.0":
  version "1.6.0"
  resolved "https://registry.yarnpkg.com/@metaplex-foundation/umi-program-repository/-/umi-program-repository-1.6.0.tgz#d371685b409dfb25ad8db4f4ed07aa2ea3c66822"
  integrity sha512-4u9+gIR31o9WfSRWYgkpAugDjMiV0HkAHPhT+eT3hiYbHIW6w9ygAhrS6yHshU5dApOGFV+5mfdEdLl1mBJycg==

"@metaplex-foundation/umi-public-keys@^1.6.0":
  version "1.6.0"
  resolved "https://registry.yarnpkg.com/@metaplex-foundation/umi-public-keys/-/umi-public-keys-1.6.0.tgz#944e682a4a16405351c47d584df1642ce008ff0c"
  integrity sha512-RzTi8WkjTOB40LPL/4162bSb6p6vknlJj56JLaiMXsfzkshhxRb+LpuWjI6zm/IGXlpGaFLQrkIos0BT6FzBAA==
  dependencies:
    "@metaplex-foundation/umi-serializers-encodings" "^1.6.0"

"@metaplex-foundation/umi-rpc-chunk-get-accounts@^1.6.0":
  version "1.6.0"
  resolved "https://registry.yarnpkg.com/@metaplex-foundation/umi-rpc-chunk-get-accounts/-/umi-rpc-chunk-get-accounts-1.6.0.tgz#105e4e7c1d2682f0007a2744bf09b3d1d63311bd"
  integrity sha512-j05YNi1VeQwXIrYv5nF1yYz9JTqrR87HXDTp5JmJlhw9DebuKl1j1BQBA9NAEY6hfEfmeDgR5aFa8grmuu3muQ==

"@metaplex-foundation/umi-rpc-web3js@^1.6.0":
  version "1.6.0"
  resolved "https://registry.yarnpkg.com/@metaplex-foundation/umi-rpc-web3js/-/umi-rpc-web3js-1.6.0.tgz#976ef2e48d810bb4d209f9f91635b5fb29ced34c"
  integrity sha512-Dl+yP9EbNNeZ/1J5Nd+0HfoxV+N6B5pOfC8KO2G+rP7g441X+MvRnBIW3d2dmmmaBnQJSOyegcetKsWeNr6l7g==
  dependencies:
    "@metaplex-foundation/umi-web3js-adapters" "^1.6.0"

"@metaplex-foundation/umi-serializer-data-view@^1.6.0":
  version "1.6.0"
  resolved "https://registry.yarnpkg.com/@metaplex-foundation/umi-serializer-data-view/-/umi-serializer-data-view-1.6.0.tgz#5c755f91acf8d01d928d5740f33f5e3b7e7cc0a2"
  integrity sha512-ejRTWfyYCzkRg58e96wiZVjP1uooDuxliyQyR7cpXF1VWsoiwincys9J9VMSr+P9DtU6B3LyyiS72kqcqNyJ8w==

"@metaplex-foundation/umi-serializers-core@^1.6.0":
  version "1.6.0"
  resolved "https://registry.yarnpkg.com/@metaplex-foundation/umi-serializers-core/-/umi-serializers-core-1.6.0.tgz#18b13260a9ca6927c1cc9e7735ac3a126c18a2d9"
  integrity sha512-5AJvEK4j9oAjRtrjBcNdDYzY7opYVKVlblFwcMp0GHM+xB3/OMW6UpeuZPk6sHDbhQArFpFycpBqRT9heE6w4Q==

"@metaplex-foundation/umi-serializers-encodings@^1.6.0":
  version "1.6.0"
  resolved "https://registry.yarnpkg.com/@metaplex-foundation/umi-serializers-encodings/-/umi-serializers-encodings-1.6.0.tgz#bdd95f0deb117e888457af9b75650e0d4577e0bc"
  integrity sha512-ZZSnbsVJOABJcopQzTTU6Ek99O9tJItkoq+nb/EtDOkzQGhtfQjxpgnoKbgoGnguwbQNuvgM41sPRHHmL0XMig==
  dependencies:
    "@metaplex-foundation/umi-serializers-core" "^1.6.0"

"@metaplex-foundation/umi-serializers-numbers@^1.6.0":
  version "1.6.0"
  resolved "https://registry.yarnpkg.com/@metaplex-foundation/umi-serializers-numbers/-/umi-serializers-numbers-1.6.0.tgz#9c3b979b3e51cf1c413b34073d0ab82583d58cfb"
  integrity sha512-pr48YJoCv6sow/j24jelUfq0zkxK5FQeQEG9FFycRdL/SXVBV6A+dOCVwt7lr7FPTHoftjoJcFCgBufI6mbbbw==
  dependencies:
    "@metaplex-foundation/umi-serializers-core" "^1.6.0"

"@metaplex-foundation/umi-serializers@^1.6.0":
  version "1.6.0"
  resolved "https://registry.yarnpkg.com/@metaplex-foundation/umi-serializers/-/umi-serializers-1.6.0.tgz#e90261ebe95df5e4be19da891c764a924b7dbd0c"
  integrity sha512-O0lPPjJGdOx5uxlE/BASErtLonD7BoMi5a0QIazRGAJzaApq/0Nup4QT9oGOPuhE1zncxhhK/rTAfNAqYoA2ng==
  dependencies:
    "@metaplex-foundation/umi-options" "^1.6.0"
    "@metaplex-foundation/umi-public-keys" "^1.6.0"
    "@metaplex-foundation/umi-serializers-core" "^1.6.0"
    "@metaplex-foundation/umi-serializers-encodings" "^1.6.0"
    "@metaplex-foundation/umi-serializers-numbers" "^1.6.0"

"@metaplex-foundation/umi-transaction-factory-web3js@^1.6.0":
  version "1.6.0"
  resolved "https://registry.yarnpkg.com/@metaplex-foundation/umi-transaction-factory-web3js/-/umi-transaction-factory-web3js-1.6.0.tgz#e525d68348e6cce465303c70811e6b7d795556d9"
  integrity sha512-ybV7up3/bOfhtDoNlnzbmioqZ5/oyLA23LmUS+u9+VhWIqEw8gvbDcJr3nvN5pfV5kT/aPGyQe8UhjWqSEKTuQ==
  dependencies:
    "@metaplex-foundation/umi-web3js-adapters" "^1.6.0"

"@metaplex-foundation/umi-web3js-adapters@^1.6.0":
  version "1.6.0"
  resolved "https://registry.yarnpkg.com/@metaplex-foundation/umi-web3js-adapters/-/umi-web3js-adapters-1.6.0.tgz#ead7faa06dfe9a257818914c219b944ef42284ce"
  integrity sha512-9gqyxi1LORSvDTD8CDAD5Q+O+ehby/OIgRY0/845OM0w3f5SpzAp5BTegzRkJUjsd/H9XsIn/8UZt7meNfEfnQ==
  dependencies:
    buffer "^6.0.3"

"@metaplex-foundation/umi@^1.6.0":
  version "1.6.0"
  resolved "https://registry.yarnpkg.com/@metaplex-foundation/umi/-/umi-1.6.0.tgz#3a56ee68e52fa4831a79cd584021b2329b729557"
  integrity sha512-zN6/mzMXB9zujqJTP4XMpBPKbZZcDw6rA3oPF42mvvb6BZxUOpL9hCylqozbiaF+b1Wz9R3tjnTAQ4wMtfFBEA==
  dependencies:
    "@metaplex-foundation/umi-options" "^1.6.0"
    "@metaplex-foundation/umi-public-keys" "^1.6.0"
    "@metaplex-foundation/umi-serializers" "^1.6.0"

"@msgpack/msgpack@^3.0.0-beta2":
  version "3.1.3"
  resolved "https://registry.yarnpkg.com/@msgpack/msgpack/-/msgpack-3.1.3.tgz#c4bff2b9539faf0882f3ee03537a7e9a4b3a7864"
  integrity sha512-47XIizs9XZXvuJgoaJUIE2lFoID8ugvc0jzSHP+Ptfk8nTbnR8g788wv48N03Kx0UkAv559HWRQ3yzOgzlRNUA==

"@noble/curves@^1.0.0":
  version "1.9.7"
  resolved "https://registry.yarnpkg.com/@noble/curves/-/curves-1.9.7.tgz#79d04b4758a43e4bca2cbdc62e7771352fa6b951"
  integrity sha512-gbKGcRUYIjA3/zCCNaWDciTMFI0dCkvou3TL8Zmy5Nc7sJ47a0jtOeZoTaMxkuqRo9cRhjOdZJXegxYE5FN/xw==
  dependencies:
    "@noble/hashes" "1.8.0"

"@noble/hashes@1.8.0":
  version "1.8.0"
  resolved "https://registry.yarnpkg.com/@noble/hashes/-/hashes-1.8.0.tgz#cee43d801fcef9644b11b8194857695acd5f815a"
  integrity sha512-jCs9ldd7NwzpgXDIf6P3+NrHh9/sD6CQdxHyjQI+h/6rDNo88ypBxxz45UDuZHz9r3tNz7N/VInSVoVdtXEI4A==

base64-js@^1.3.1:
  version "1.5.1"
  resolved "https://registry.yarnpkg.com/base64-js/-/base64-js-1.5.1.tgz#1b1b440160a5bf7ad40b650f095963481903930a"
  integrity sha512-AKpaYlHn8t4SVbOHCy+b5+KKgvR4vrsD8vbvrbiQJps7fKDTkjkDry6ji0rUJjC0kzbNePLwzxq8iypo41qeWA==

buffer@^6.0.3:
  version "6.0.3"
  resolved "https://registry.yarnpkg.com/buffer/-/buffer-6.0.3.tgz#2ace578459cc8fbe2a70aaa8f52ee63b6a74c6c6"
  integrity sha512-FTiCpNxtwiZZHEZbcbTIcZjERVICn9yq/pDFkTl95/AxzD1naBctN7YO68riM/gLSDY7sdrMby8hofADYuuqOA==
  dependencies:
    base64-js "^1.3.1"
    ieee754 "^1.2.1"

ieee754@^1.2.1:
  version "1.2.1"
  resolved "https://registry.yarnpkg.com/ieee754/-/ieee754-1.2.1.tgz#8eb7a10a63fff25d15a57b001586d177d1b0d352"
  integrity sha512-dcyqhDvX1C46lXZcVqCpK+FtMRQVdIMN6/Df5js2zouUsqG7I6sFxitIC+7KYK29KdXOLHdu9zL4sFnoVQnqaA==

node-fetch@^2.6.7:
  version "2.7.0"
  resolved "https://registry.yarnpkg.com/node-fetch/-/node-fetch-2.7.0.tgz#d0f0fa6e3e2dc1d27efcd8ad99d550bda94d187d"
  integrity sha512-c4FRfUm/dbcWZ7U+1Wq0AwCyFL+3nt2bEw05wfxSz+DWpWsitgmSgYmy2dQdWyKC1694ELPqMs/YzUSNozLt8A==
  dependencies:
    whatwg-url "^5.0.0"

tr46@~0.0.3:
  version "0.0.3"
  resolved "https://registry.yarnpkg.com/tr46/-/tr46-0.0.3.tgz#8184fd347dac9cdc185992f3a6622e14b9d9ab6a"
  integrity sha512-N3WMsuqV66lT30CrXNbEjx4GEwlow3v6rr4mCcv6prnfwhS01rkgyFdjPNBYd9br7LpXV1+Emh01fHnq2Gdgrw==

webidl-conversions@^3.0.0:
  version "3.0.1"
  resolved "https://registry.yarnpkg.com/webidl-conversions/-/webidl-conversions-3.0.1.tgz#24534275e2a7bc6be7bc86611cc16ae0a5654871"
  integrity sha512-2JAn3z8AR6rjK8Sm8orRC0h/bcl/DqL7tRPdGZ4I1CjdF+EaMLmYxBHyXuKL849eucPFhvBoxMsflfOb8kxaeQ==

whatwg-url@^5.0.0:
  version "5.0.0"
  resolved "https://registry.yarnpkg.com/whatwg-url/-/whatwg-url-5.0.0.tgz#966454e8765462e37644d3626f6742ce8b70965d"
  integrity sha512-saE57nupxk6v3HY35+jzBwYa0rKSy0XR8JSxZPwgLr7ys0IBzhGviA1/TUGJLmSVqs8pb9AnvICXEuOHLprYTw==
  dependencies:
    tr46 "~0.0.3"
    webidl-conversions "^3.0.0"

yaml@^2.7.0:
  version "2.9.1"
  resolved "https://registry.yarnpkg.com/yaml/-/yaml-2.9.1.tgz#c16233fb31944e705cfefaff38795587f57588ce"
  integrity sha512-3NxN8+78OdzbT7C/WjGsyfPAtJaN3FNDsWxv7Y7mcDsT/oOmgW8BpyQQFFBnvZE3j9Y2Sdz1ULFLezL7Eb2yFw==
